{
  "name": "flask",
  "lockfileVersion": 3,
  "requires": true,
  "packages": {
    "": {
      "dependencies": {
        "@pixi/polyfill": "^6.5.10"
      }
    },
    "node_modules/@pixi/polyfill": {
      "version": "6.5.10",
      "resolved": "https://registry.npmjs.org/@pixi/polyfill/-/polyfill-6.5.10.tgz",
      "integrity": "sha512-KDTWyr285VvPM8GGTVIZAhmxGrOlTznUGK/9kWS3GtrogwLWn41S/86Yej1gYvotVyUomCcOok33Jzahb+vX1w==",
      "license": "MIT",
      "dependencies": {
        "object-assign": "^4.1.1",
        "promise-polyfill": "^8.2.0"
      }
    },
    "node_modules/object-assign": {
      "version": "4.1.1",
      "resolved": "https://registry.npmjs.org/object-assign/-/object-assign-4.1.1.tgz",
      "integrity": "sha512-rJgTQnkUnH1sFw8yT6VSU3zD3sWmu6sZhIseY8VX+GRu3P6F7Fu+JNDoXfklElbLJSnc3FUQHVe4cU5hj+BcUg==",
      "license": "MIT",
      "engines": {
        "node": ">=0.10.0"
      }
    },
    "node_modules/promise-polyfill": {
      "version": "8.3.0",
      "resolved": "https://registry.npmjs.org/promise-polyfill/-/promise-polyfill-8.3.0.tgz",
      "integrity": "sha512-H5oELycFml5yto/atYqmjyigJoAo3+OXwolYiH7OfQuYlAqhxNvTfiNMbV9hsC6Yp83yE5r2KTVmtrG6R9i6Pg==",
      "license": "MIT"
    }
  }
}
